// !$*UTF8*$!
{
	archiveVersion = 1;
	classes = {
	};
	objectVersion = 46;
	objects = {

/* Begin PBXBuildFile section */
		2C08167B1E728332008794CF /* AppDelegate.swift in Sources */ = {isa = PBXBuildFile; fileRef = 2C08167A1E728332008794CF /* AppDelegate.swift */; };
		2C0816821E728332008794CF /* Assets.xcassets in Resources */ = {isa = PBXBuildFile; fileRef = 2C0816811E728332008794CF /* Assets.xcassets */; };
		2C08168E1E728660008794CF /* CloudKit.framework in Frameworks */ = {isa = PBXBuildFile; fileRef = 2C08168D1E728660008794CF /* CloudKit.framework */; };
		2C0816A21E728D5B008794CF /* LGAlertView.m in Sources */ = {isa = PBXBuildFile; fileRef = 2C0816981E728D5B008794CF /* LGAlertView.m */; };
		2C0816A61E728D5B008794CF /* LGProgressView.m in Sources */ = {isa = PBXBuildFile; fileRef = 2C08169D1E728D5B008794CF /* LGProgressView.m */; };
		2C0816A91E728D5B008794CF /* NSPointerArray+AbstractionHelpers.m in Sources */ = {isa = PBXBuildFile; fileRef = 2C0816A11E728D5B008794CF /* NSPointerArray+AbstractionHelpers.m */; };
		2C0816AD1E728D86008794CF /* UIColorExtensions.swift in Sources */ = {isa = PBXBuildFile; fileRef = 2C0816AA1E728D86008794CF /* UIColorExtensions.swift */; };
		2C0816AE1E728D86008794CF /* UIFontExtensions.swift in Sources */ = {isa = PBXBuildFile; fileRef = 2C0816AB1E728D86008794CF /* UIFontExtensions.swift */; };
		2C0816AF1E728D86008794CF /* UIViewControllerExtensions.swift in Sources */ = {isa = PBXBuildFile; fileRef = 2C0816AC1E728D86008794CF /* UIViewControllerExtensions.swift */; };
		2C0816B51E72A0E3008794CF /* logo.png in Resources */ = {isa = PBXBuildFile; fileRef = 2C0816B41E72A0E3008794CF /* logo.png */; };
		2C0816B71E72AACF008794CF /* NotesController.swift in Sources */ = {isa = PBXBuildFile; fileRef = 2C0816B61E72AACF008794CF /* NotesController.swift */; };
		2C0816C81E72B973008794CF /* Picker.swift in Sources */ = {isa = PBXBuildFile; fileRef = 2C0816C61E72B973008794CF /* Picker.swift */; };
		2C0816C91E72B973008794CF /* Picker.xib in Resources */ = {isa = PBXBuildFile; fileRef = 2C0816C71E72B973008794CF /* Picker.xib */; };
		2C0816F41E72D772008794CF /* LaunchScreen.storyboard in Resources */ = {isa = PBXBuildFile; fileRef = 2C0816F01E72D772008794CF /* LaunchScreen.storyboard */; };
		2C0816F51E72D772008794CF /* Main.storyboard in Resources */ = {isa = PBXBuildFile; fileRef = 2C0816F21E72D772008794CF /* Main.storyboard */; };
		2C0816F81E72E21E008794CF /* Localizable.strings in Resources */ = {isa = PBXBuildFile; fileRef = 2C0816FA1E72E21E008794CF /* Localizable.strings */; };
		2C0816FF1E72EBE5008794CF /* MigrationManager.m in Sources */ = {isa = PBXBuildFile; fileRef = 2C0816FE1E72EBE5008794CF /* MigrationManager.m */; };
		2C0817011E72EC0A008794CF /* libsqlite3.tbd in Frameworks */ = {isa = PBXBuildFile; fileRef = 2C0817001E72EC0A008794CF /* libsqlite3.tbd */; };
		2C0817081E72FEED008794CF /* LocalCache.xcdatamodeld in Sources */ = {isa = PBXBuildFile; fileRef = 2C0817061E72FEED008794CF /* LocalCache.xcdatamodeld */; };
		2C35CE6A1E73D71B00CE956B /* NotesCell.swift in Sources */ = {isa = PBXBuildFile; fileRef = 2C35CE691E73D71B00CE956B /* NotesCell.swift */; };
		2C35CE6F1E73E1A300CE956B /* Blood+CoreDataClass.swift in Sources */ = {isa = PBXBuildFile; fileRef = 2C35CE6B1E73E1A300CE956B /* Blood+CoreDataClass.swift */; };
		2C35CE701E73E1A300CE956B /* Blood+CoreDataProperties.swift in Sources */ = {isa = PBXBuildFile; fileRef = 2C35CE6C1E73E1A300CE956B /* Blood+CoreDataProperties.swift */; };
		2C35CE711E73E1A300CE956B /* Pressure+CoreDataClass.swift in Sources */ = {isa = PBXBuildFile; fileRef = 2C35CE6D1E73E1A300CE956B /* Pressure+CoreDataClass.swift */; };
		2C35CE721E73E1A300CE956B /* Pressure+CoreDataProperties.swift in Sources */ = {isa = PBXBuildFile; fileRef = 2C35CE6E1E73E1A300CE956B /* Pressure+CoreDataProperties.swift */; };
		2C35CE741E7412E700CE956B /* StringExtensions.swift in Sources */ = {isa = PBXBuildFile; fileRef = 2C35CE731E7412E700CE956B /* StringExtensions.swift */; };
		2C7481C41E74404A001744F9 /* CommentsController.swift in Sources */ = {isa = PBXBuildFile; fileRef = 2C7481C31E74404A001744F9 /* CommentsController.swift */; };
		2C7481C61E74683A001744F9 /* PeriodControl.swift in Sources */ = {isa = PBXBuildFile; fileRef = 2C7481C51E74683A001744F9 /* PeriodControl.swift */; };
		2CA335591E747CD9005955D4 /* GraphView.swift in Sources */ = {isa = PBXBuildFile; fileRef = 2CA335581E747CD9005955D4 /* GraphView.swift */; };
		2CA3355B1E747D7B005955D4 /* UIViewExtensions.swift in Sources */ = {isa = PBXBuildFile; fileRef = 2CA3355A1E747D7B005955D4 /* UIViewExtensions.swift */; };
		2CA3355D1E749A47005955D4 /* xAxizView.swift in Sources */ = {isa = PBXBuildFile; fileRef = 2CA3355C1E749A47005955D4 /* xAxizView.swift */; };
		2CABEE5F1E7522ED00D9E54E /* yAxizView.swift in Sources */ = {isa = PBXBuildFile; fileRef = 2CABEE5E1E7522EC00D9E54E /* yAxizView.swift */; };
		2CABEE611E752AC100D9E54E /* NSStringExtensions.swift in Sources */ = {isa = PBXBuildFile; fileRef = 2CABEE601E752AC100D9E54E /* NSStringExtensions.swift */; };
		2CDCB8A51E7A61D600520B96 /* InfoPlist.strings in Resources */ = {isa = PBXBuildFile; fileRef = 2CDCB8A71E7A61D600520B96 /* InfoPlist.strings */; };
		2CDCB8AA1E7A681700520B96 /* LGDecoratedAlertView.xib in Resources */ = {isa = PBXBuildFile; fileRef = 2CDCB8A91E7A681700520B96 /* LGDecoratedAlertView.xib */; };
		2CFF85BF1E73126A00C3EB41 /* Model.swift in Sources */ = {isa = PBXBuildFile; fileRef = 2CFF85BE1E73126A00C3EB41 /* Model.swift */; };
		2CFF85C11E733E7C00C3EB41 /* GlucController.swift in Sources */ = {isa = PBXBuildFile; fileRef = 2CFF85C01E733E7C00C3EB41 /* GlucController.swift */; };
		A859C6E1FE1C3CDE9875177D /* Pods_Glucograph.framework in Frameworks */ = {isa = PBXBuildFile; fileRef = E79B857970C8F460B4E11DCC /* Pods_Glucograph.framework */; };
/* End PBXBuildFile section */

/* Begin PBXFileReference section */
		2C0816771E728332008794CF /* Glucograph.app */ = {isa = PBXFileReference; explicitFileType = wrapper.application; includeInIndex = 0; path = Glucograph.app; sourceTree = BUILT_PRODUCTS_DIR; };
		2C08167A1E728332008794CF /* AppDelegate.swift */ = {isa = PBXFileReference; lastKnownFileType = sourcecode.swift; path = AppDelegate.swift; sourceTree = "<group>"; };
		2C0816811E728332008794CF /* Assets.xcassets */ = {isa = PBXFileReference; lastKnownFileType = folder.assetcatalog; path = Assets.xcassets; sourceTree = "<group>"; };
		2C0816861E728332008794CF /* Info.plist */ = {isa = PBXFileReference; lastKnownFileType = text.plist.xml; path = Info.plist; sourceTree = "<group>"; };
		2C08168C1E728646008794CF /* Glucograph.entitlements */ = {isa = PBXFileReference; lastKnownFileType = text.plist.entitlements; path = Glucograph.entitlements; sourceTree = "<group>"; };
		2C08168D1E728660008794CF /* CloudKit.framework */ = {isa = PBXFileReference; lastKnownFileType = wrapper.framework; name = CloudKit.framework; path = System/Library/Frameworks/CloudKit.framework; sourceTree = SDKROOT; };
		2C0816961E728D5B008794CF /* Glucograph-Bridging-Header.h */ = {isa = PBXFileReference; lastKnownFileType = sourcecode.c.h; path = "Glucograph-Bridging-Header.h"; sourceTree = "<group>"; };
		2C0816971E728D5B008794CF /* LGAlertView.h */ = {isa = PBXFileReference; fileEncoding = 4; lastKnownFileType = sourcecode.c.h; name = LGAlertView.h; path = LGAlertSheet/LGAlertView.h; sourceTree = "<group>"; };
		2C0816981E728D5B008794CF /* LGAlertView.m */ = {isa = PBXFileReference; fileEncoding = 4; lastKnownFileType = sourcecode.c.objc; name = LGAlertView.m; path = LGAlertSheet/LGAlertView.m; sourceTree = "<group>"; };
		2C08169C1E728D5B008794CF /* LGProgressView.h */ = {isa = PBXFileReference; fileEncoding = 4; lastKnownFileType = sourcecode.c.h; name = LGProgressView.h; path = LGAlertSheet/LGProgressView.h; sourceTree = "<group>"; };
		2C08169D1E728D5B008794CF /* LGProgressView.m */ = {isa = PBXFileReference; fileEncoding = 4; lastKnownFileType = sourcecode.c.objc; name = LGProgressView.m; path = LGAlertSheet/LGProgressView.m; sourceTree = "<group>"; };
		2C0816A01E728D5B008794CF /* NSPointerArray+AbstractionHelpers.h */ = {isa = PBXFileReference; fileEncoding = 4; lastKnownFileType = sourcecode.c.h; name = "NSPointerArray+AbstractionHelpers.h"; path = "LGAlertSheet/NSPointerArray+AbstractionHelpers.h"; sourceTree = "<group>"; };
		2C0816A11E728D5B008794CF /* NSPointerArray+AbstractionHelpers.m */ = {isa = PBXFileReference; fileEncoding = 4; lastKnownFileType = sourcecode.c.objc; name = "NSPointerArray+AbstractionHelpers.m"; path = "LGAlertSheet/NSPointerArray+AbstractionHelpers.m"; sourceTree = "<group>"; };
		2C0816AA1E728D86008794CF /* UIColorExtensions.swift */ = {isa = PBXFileReference; fileEncoding = 4; lastKnownFileType = sourcecode.swift; name = UIColorExtensions.swift; path = Extensions/UIColorExtensions.swift; sourceTree = "<group>"; };
		2C0816AB1E728D86008794CF /* UIFontExtensions.swift */ = {isa = PBXFileReference; fileEncoding = 4; lastKnownFileType = sourcecode.swift; name = UIFontExtensions.swift; path = Extensions/UIFontExtensions.swift; sourceTree = "<group>"; };
		2C0816AC1E728D86008794CF /* UIViewControllerExtensions.swift */ = {isa = PBXFileReference; fileEncoding = 4; lastKnownFileType = sourcecode.swift; name = UIViewControllerExtensions.swift; path = Extensions/UIViewControllerExtensions.swift; sourceTree = "<group>"; };
		2C0816B41E72A0E3008794CF /* logo.png */ = {isa = PBXFileReference; lastKnownFileType = image.png; path = logo.png; sourceTree = SOURCE_ROOT; };
		2C0816B61E72AACF008794CF /* NotesController.swift */ = {isa = PBXFileReference; fileEncoding = 4; lastKnownFileType = sourcecode.swift; path = NotesController.swift; sourceTree = "<group>"; };
		2C0816C61E72B973008794CF /* Picker.swift */ = {isa = PBXFileReference; fileEncoding = 4; lastKnownFileType = sourcecode.swift; name = Picker.swift; path = CustomViews/Picker.swift; sourceTree = "<group>"; };
		2C0816C71E72B973008794CF /* Picker.xib */ = {isa = PBXFileReference; fileEncoding = 4; lastKnownFileType = file.xib; name = Picker.xib; path = CustomViews/Picker.xib; sourceTree = "<group>"; };
		2C0816F11E72D772008794CF /* Base */ = {isa = PBXFileReference; lastKnownFileType = file.storyboard; name = Base; path = Base.lproj/LaunchScreen.storyboard; sourceTree = "<group>"; };
		2C0816F31E72D772008794CF /* Base */ = {isa = PBXFileReference; lastKnownFileType = file.storyboard; name = Base; path = Base.lproj/Main.storyboard; sourceTree = "<group>"; };
		2C0816F91E72E21E008794CF /* Base */ = {isa = PBXFileReference; lastKnownFileType = text.plist.strings; name = Base; path = Base.lproj/Localizable.strings; sourceTree = "<group>"; };
		2C0816FB1E72E223008794CF /* ru */ = {isa = PBXFileReference; lastKnownFileType = text.plist.strings; name = ru; path = ru.lproj/Localizable.strings; sourceTree = "<group>"; };
		2C0816FD1E72EBE5008794CF /* MigrationManager.h */ = {isa = PBXFileReference; fileEncoding = 4; lastKnownFileType = sourcecode.c.h; name = MigrationManager.h; path = Model/MigrationManager.h; sourceTree = "<group>"; };
		2C0816FE1E72EBE5008794CF /* MigrationManager.m */ = {isa = PBXFileReference; fileEncoding = 4; lastKnownFileType = sourcecode.c.objc; name = MigrationManager.m; path = Model/MigrationManager.m; sourceTree = "<group>"; };
		2C0817001E72EC0A008794CF /* libsqlite3.tbd */ = {isa = PBXFileReference; lastKnownFileType = "sourcecode.text-based-dylib-definition"; name = libsqlite3.tbd; path = usr/lib/libsqlite3.tbd; sourceTree = SDKROOT; };
		2C0817021E72ECA0008794CF /* SynthesizeSingleton.h */ = {isa = PBXFileReference; fileEncoding = 4; lastKnownFileType = sourcecode.c.h; name = SynthesizeSingleton.h; path = Model/SynthesizeSingleton.h; sourceTree = "<group>"; };
		2C0817071E72FEED008794CF /* LocalCache.xcdatamodel */ = {isa = PBXFileReference; lastKnownFileType = wrapper.xcdatamodel; path = LocalCache.xcdatamodel; sourceTree = "<group>"; };
		2C35CE691E73D71B00CE956B /* NotesCell.swift */ = {isa = PBXFileReference; fileEncoding = 4; lastKnownFileType = sourcecode.swift; path = NotesCell.swift; sourceTree = "<group>"; };
		2C35CE6B1E73E1A300CE956B /* Blood+CoreDataClass.swift */ = {isa = PBXFileReference; fileEncoding = 4; lastKnownFileType = sourcecode.swift; name = "Blood+CoreDataClass.swift"; path = "Model/Blood+CoreDataClass.swift"; sourceTree = "<group>"; };
		2C35CE6C1E73E1A300CE956B /* Blood+CoreDataProperties.swift */ = {isa = PBXFileReference; fileEncoding = 4; lastKnownFileType = sourcecode.swift; name = "Blood+CoreDataProperties.swift"; path = "Model/Blood+CoreDataProperties.swift"; sourceTree = "<group>"; };
		2C35CE6D1E73E1A300CE956B /* Pressure+CoreDataClass.swift */ = {isa = PBXFileReference; fileEncoding = 4; lastKnownFileType = sourcecode.swift; name = "Pressure+CoreDataClass.swift"; path = "Model/Pressure+CoreDataClass.swift"; sourceTree = "<group>"; };
		2C35CE6E1E73E1A300CE956B /* Pressure+CoreDataProperties.swift */ = {isa = PBXFileReference; fileEncoding = 4; lastKnownFileType = sourcecode.swift; name = "Pressure+CoreDataProperties.swift"; path = "Model/Pressure+CoreDataProperties.swift"; sourceTree = "<group>"; };
		2C35CE731E7412E700CE956B /* StringExtensions.swift */ = {isa = PBXFileReference; fileEncoding = 4; lastKnownFileType = sourcecode.swift; name = StringExtensions.swift; path = Extensions/StringExtensions.swift; sourceTree = "<group>"; };
		2C7481C31E74404A001744F9 /* CommentsController.swift */ = {isa = PBXFileReference; fileEncoding = 4; lastKnownFileType = sourcecode.swift; path = CommentsController.swift; sourceTree = "<group>"; };
		2C7481C51E74683A001744F9 /* PeriodControl.swift */ = {isa = PBXFileReference; fileEncoding = 4; lastKnownFileType = sourcecode.swift; name = PeriodControl.swift; path = CustomViews/PeriodControl.swift; sourceTree = "<group>"; };
		2CA335581E747CD9005955D4 /* GraphView.swift */ = {isa = PBXFileReference; fileEncoding = 4; lastKnownFileType = sourcecode.swift; name = GraphView.swift; path = CustomViews/GraphView.swift; sourceTree = "<group>"; };
		2CA3355A1E747D7B005955D4 /* UIViewExtensions.swift */ = {isa = PBXFileReference; fileEncoding = 4; lastKnownFileType = sourcecode.swift; name = UIViewExtensions.swift; path = Extensions/UIViewExtensions.swift; sourceTree = "<group>"; };
		2CA3355C1E749A47005955D4 /* xAxizView.swift */ = {isa = PBXFileReference; fileEncoding = 4; lastKnownFileType = sourcecode.swift; name = xAxizView.swift; path = CustomViews/xAxizView.swift; sourceTree = "<group>"; };
		2CABEE5E1E7522EC00D9E54E /* yAxizView.swift */ = {isa = PBXFileReference; fileEncoding = 4; lastKnownFileType = sourcecode.swift; name = yAxizView.swift; path = CustomViews/yAxizView.swift; sourceTree = "<group>"; };
		2CABEE601E752AC100D9E54E /* NSStringExtensions.swift */ = {isa = PBXFileReference; fileEncoding = 4; lastKnownFileType = sourcecode.swift; name = NSStringExtensions.swift; path = Extensions/NSStringExtensions.swift; sourceTree = "<group>"; };
		2CDCB8A61E7A61D600520B96 /* Base */ = {isa = PBXFileReference; lastKnownFileType = text.plist.strings; name = Base; path = Base.lproj/InfoPlist.strings; sourceTree = "<group>"; };
		2CDCB8A81E7A61DA00520B96 /* ru */ = {isa = PBXFileReference; lastKnownFileType = text.plist.strings; name = ru; path = ru.lproj/InfoPlist.strings; sourceTree = "<group>"; };
		2CDCB8A91E7A681700520B96 /* LGDecoratedAlertView.xib */ = {isa = PBXFileReference; fileEncoding = 4; lastKnownFileType = file.xib; name = LGDecoratedAlertView.xib; path = LGAlertSheet/LGDecoratedAlertView.xib; sourceTree = "<group>"; };
		2CFF85BE1E73126A00C3EB41 /* Model.swift */ = {isa = PBXFileReference; fileEncoding = 4; lastKnownFileType = sourcecode.swift; name = Model.swift; path = Model/Model.swift; sourceTree = "<group>"; };
		2CFF85C01E733E7C00C3EB41 /* GlucController.swift */ = {isa = PBXFileReference; fileEncoding = 4; lastKnownFileType = sourcecode.swift; path = GlucController.swift; sourceTree = "<group>"; };
		51F13E5B13318C8817E7A8BB /* Pods-Glucograph.debug.xcconfig */ = {isa = PBXFileReference; includeInIndex = 1; lastKnownFileType = text.xcconfig; name = "Pods-Glucograph.debug.xcconfig"; path = "Pods/Target Support Files/Pods-Glucograph/Pods-Glucograph.debug.xcconfig"; sourceTree = "<group>"; };
		CED4445E62E05819D8D96B1E /* Pods-Glucograph.release.xcconfig */ = {isa = PBXFileReference; includeInIndex = 1; lastKnownFileType = text.xcconfig; name = "Pods-Glucograph.release.xcconfig"; path = "Pods/Target Support Files/Pods-Glucograph/Pods-Glucograph.release.xcconfig"; sourceTree = "<group>"; };
		E79B857970C8F460B4E11DCC /* Pods_Glucograph.framework */ = {isa = PBXFileReference; explicitFileType = wrapper.framework; includeInIndex = 0; path = Pods_Glucograph.framework; sourceTree = BUILT_PRODUCTS_DIR; };
/* End PBXFileReference section */

/* Begin PBXFrameworksBuildPhase section */
		2C0816741E728332008794CF /* Frameworks */ = {
			isa = PBXFrameworksBuildPhase;
			buildActionMask = 2147483647;
			files = (
				2C0817011E72EC0A008794CF /* libsqlite3.tbd in Frameworks */,
				A859C6E1FE1C3CDE9875177D /* Pods_Glucograph.framework in Frameworks */,
				2C08168E1E728660008794CF /* CloudKit.framework in Frameworks */,
			);
			runOnlyForDeploymentPostprocessing = 0;
		};
/* End PBXFrameworksBuildPhase section */

/* Begin PBXGroup section */
		2C08166E1E728332008794CF = {
			isa = PBXGroup;
			children = (
				2C0816791E728332008794CF /* Glucograph */,
				2C0816781E728332008794CF /* Products */,
				D41F8FAC9F781E04637321A4 /* Pods */,
				2DA0E94539DB0DA08288B0B1 /* Frameworks */,
			);
			sourceTree = "<group>";
		};
		2C0816781E728332008794CF /* Products */ = {
			isa = PBXGroup;
			children = (
				2C0816771E728332008794CF /* Glucograph.app */,
			);
			name = Products;
			sourceTree = "<group>";
		};
		2C0816791E728332008794CF /* Glucograph */ = {
			isa = PBXGroup;
			children = (
				2C0816961E728D5B008794CF /* Glucograph-Bridging-Header.h */,
				2C0816951E728D37008794CF /* LGAlertView */,
				2C0816FC1E72EB88008794CF /* Model */,
				2C0816BF1E72B893008794CF /* Custom Views */,
				2C0816941E728D23008794CF /* Extensions */,
				2C08167A1E728332008794CF /* AppDelegate.swift */,
				2CFF85C01E733E7C00C3EB41 /* GlucController.swift */,
				2C0816B61E72AACF008794CF /* NotesController.swift */,
				2C7481C31E74404A001744F9 /* CommentsController.swift */,
				2C35CE691E73D71B00CE956B /* NotesCell.swift */,
				2C0816911E728707008794CF /* Resources */,
			);
			path = Glucograph;
			sourceTree = "<group>";
		};
		2C0816911E728707008794CF /* Resources */ = {
			isa = PBXGroup;
			children = (
				2C0816F21E72D772008794CF /* Main.storyboard */,
				2C0816811E728332008794CF /* Assets.xcassets */,
				2C0816F01E72D772008794CF /* LaunchScreen.storyboard */,
				2C0816B41E72A0E3008794CF /* logo.png */,
				2C08168C1E728646008794CF /* Glucograph.entitlements */,
				2C0816861E728332008794CF /* Info.plist */,
				2CDCB8A71E7A61D600520B96 /* InfoPlist.strings */,
				2C0816FA1E72E21E008794CF /* Localizable.strings */,
			);
			name = Resources;
			sourceTree = "<group>";
		};
		2C0816941E728D23008794CF /* Extensions */ = {
			isa = PBXGroup;
			children = (
				2CA3355A1E747D7B005955D4 /* UIViewExtensions.swift */,
				2C35CE731E7412E700CE956B /* StringExtensions.swift */,
				2C0816AA1E728D86008794CF /* UIColorExtensions.swift */,
				2C0816AB1E728D86008794CF /* UIFontExtensions.swift */,
				2C0816AC1E728D86008794CF /* UIViewControllerExtensions.swift */,
				2CABEE601E752AC100D9E54E /* NSStringExtensions.swift */,
			);
			name = Extensions;
			sourceTree = "<group>";
		};
		2C0816951E728D37008794CF /* LGAlertView */ = {
			isa = PBXGroup;
			children = (
				2C0816971E728D5B008794CF /* LGAlertView.h */,
				2C0816981E728D5B008794CF /* LGAlertView.m */,
				2CDCB8A91E7A681700520B96 /* LGDecoratedAlertView.xib */,
				2C08169C1E728D5B008794CF /* LGProgressView.h */,
				2C08169D1E728D5B008794CF /* LGProgressView.m */,
				2C0816A01E728D5B008794CF /* NSPointerArray+AbstractionHelpers.h */,
				2C0816A11E728D5B008794CF /* NSPointerArray+AbstractionHelpers.m */,
			);
			name = LGAlertView;
			sourceTree = "<group>";
		};
		2C0816BF1E72B893008794CF /* Custom Views */ = {
			isa = PBXGroup;
			children = (
				2C7481C51E74683A001744F9 /* PeriodControl.swift */,
				2C0816C61E72B973008794CF /* Picker.swift */,
				2C0816C71E72B973008794CF /* Picker.xib */,
				2CA335581E747CD9005955D4 /* GraphView.swift */,
				2CA3355C1E749A47005955D4 /* xAxizView.swift */,
				2CABEE5E1E7522EC00D9E54E /* yAxizView.swift */,
			);
			name = "Custom Views";
			sourceTree = "<group>";
		};
		2C0816FC1E72EB88008794CF /* Model */ = {
			isa = PBXGroup;
			children = (
				2C0817061E72FEED008794CF /* LocalCache.xcdatamodeld */,
				2C35CE6B1E73E1A300CE956B /* Blood+CoreDataClass.swift */,
				2C35CE6C1E73E1A300CE956B /* Blood+CoreDataProperties.swift */,
				2C35CE6D1E73E1A300CE956B /* Pressure+CoreDataClass.swift */,
				2C35CE6E1E73E1A300CE956B /* Pressure+CoreDataProperties.swift */,
				2C0817021E72ECA0008794CF /* SynthesizeSingleton.h */,
				2C0816FD1E72EBE5008794CF /* MigrationManager.h */,
				2C0816FE1E72EBE5008794CF /* MigrationManager.m */,
				2CFF85BE1E73126A00C3EB41 /* Model.swift */,
			);
			name = Model;
			sourceTree = "<group>";
		};
		2DA0E94539DB0DA08288B0B1 /* Frameworks */ = {
			isa = PBXGroup;
			children = (
				2C0817001E72EC0A008794CF /* libsqlite3.tbd */,
				2C08168D1E728660008794CF /* CloudKit.framework */,
				E79B857970C8F460B4E11DCC /* Pods_Glucograph.framework */,
			);
			name = Frameworks;
			sourceTree = "<group>";
		};
		D41F8FAC9F781E04637321A4 /* Pods */ = {
			isa = PBXGroup;
			children = (
				51F13E5B13318C8817E7A8BB /* Pods-Glucograph.debug.xcconfig */,
				CED4445E62E05819D8D96B1E /* Pods-Glucograph.release.xcconfig */,
			);
			name = Pods;
			sourceTree = "<group>";
		};
/* End PBXGroup section */

/* Begin PBXNativeTarget section */
		2C0816761E728332008794CF /* Glucograph */ = {
			isa = PBXNativeTarget;
			buildConfigurationList = 2C0816891E728332008794CF /* Build configuration list for PBXNativeTarget "Glucograph" */;
			buildPhases = (
				8B4ACE94E442CF8DC3E7743C /* [CP] Check Pods Manifest.lock */,
				2C0816731E728332008794CF /* Sources */,
				2C0816741E728332008794CF /* Frameworks */,
				2C0816751E728332008794CF /* Resources */,
				B1171F7B32F7386F39456155 /* [CP] Embed Pods Frameworks */,
				9F07D2F86BB01BFD60E02DD7 /* [CP] Copy Pods Resources */,
			);
			buildRules = (
			);
			dependencies = (
			);
			name = Glucograph;
			productName = Glucograph;
			productReference = 2C0816771E728332008794CF /* Glucograph.app */;
			productType = "com.apple.product-type.application";
		};
/* End PBXNativeTarget section */

/* Begin PBXProject section */
		2C08166F1E728332008794CF /* Project object */ = {
			isa = PBXProject;
			attributes = {
				LastSwiftUpdateCheck = 0820;
				LastUpgradeCheck = 0820;
				ORGANIZATIONNAME = "V-Channel";
				TargetAttributes = {
					2C0816761E728332008794CF = {
						CreatedOnToolsVersion = 8.2.1;
						DevelopmentTeam = 7TSVKXZ79P;
						LastSwiftMigration = 0820;
						ProvisioningStyle = Manual;
						SystemCapabilities = {
							com.apple.HealthKit = {
								enabled = 0;
							};
							com.apple.Push = {
								enabled = 1;
							};
							com.apple.iCloud = {
								enabled = 1;
							};
						};
					};
				};
			};
			buildConfigurationList = 2C0816721E728332008794CF /* Build configuration list for PBXProject "Glucograph" */;
			compatibilityVersion = "Xcode 3.2";
			developmentRegion = English;
			hasScannedForEncodings = 0;
			knownRegions = (
				en,
				ru,
				Base,
			);
			mainGroup = 2C08166E1E728332008794CF;
			productRefGroup = 2C0816781E728332008794CF /* Products */;
			projectDirPath = "";
			projectRoot = "";
			targets = (
				2C0816761E728332008794CF /* Glucograph */,
			);
		};
/* End PBXProject section */

/* Begin PBXResourcesBuildPhase section */
		2C0816751E728332008794CF /* Resources */ = {
			isa = PBXResourcesBuildPhase;
			buildActionMask = 2147483647;
			files = (
				2C0816B51E72A0E3008794CF /* logo.png in Resources */,
				2CDCB8A51E7A61D600520B96 /* InfoPlist.strings in Resources */,
				2CDCB8AA1E7A681700520B96 /* LGDecoratedAlertView.xib in Resources */,
				2C0816F81E72E21E008794CF /* Localizable.strings in Resources */,
				2C0816821E728332008794CF /* Assets.xcassets in Resources */,
				2C0816C91E72B973008794CF /* Picker.xib in Resources */,
				2C0816F51E72D772008794CF /* Main.storyboard in Resources */,
				2C0816F41E72D772008794CF /* LaunchScreen.storyboard in Resources */,
			);
			runOnlyForDeploymentPostprocessing = 0;
		};
/* End PBXResourcesBuildPhase section */

/* Begin PBXShellScriptBuildPhase section */
		8B4ACE94E442CF8DC3E7743C /* [CP] Check Pods Manifest.lock */ = {
			isa = PBXShellScriptBuildPhase;
			buildActionMask = 2147483647;
			files = (
			);
			inputPaths = (
			);
			name = "[CP] Check Pods Manifest.lock";
			outputPaths = (
			);
			runOnlyForDeploymentPostprocessing = 0;
			shellPath = /bin/sh;
			shellScript = "diff \"${PODS_ROOT}/../Podfile.lock\" \"${PODS_ROOT}/Manifest.lock\" > /dev/null\nif [ $? != 0 ] ; then\n    # print error to STDERR\n    echo \"error: The sandbox is not in sync with the Podfile.lock. Run 'pod install' or update your CocoaPods installation.\" >&2\n    exit 1\nfi\n";
			showEnvVarsInLog = 0;
		};
		9F07D2F86BB01BFD60E02DD7 /* [CP] Copy Pods Resources */ = {
			isa = PBXShellScriptBuildPhase;
			buildActionMask = 2147483647;
			files = (
			);
			inputPaths = (
			);
			name = "[CP] Copy Pods Resources";
			outputPaths = (
			);
			runOnlyForDeploymentPostprocessing = 0;
			shellPath = /bin/sh;
			shellScript = "\"${SRCROOT}/Pods/Target Support Files/Pods-Glucograph/Pods-Glucograph-resources.sh\"\n";
			showEnvVarsInLog = 0;
		};
		B1171F7B32F7386F39456155 /* [CP] Embed Pods Frameworks */ = {
			isa = PBXShellScriptBuildPhase;
			buildActionMask = 2147483647;
			files = (
			);
			inputPaths = (
			);
			name = "[CP] Embed Pods Frameworks";
			outputPaths = (
			);
			runOnlyForDeploymentPostprocessing = 0;
			shellPath = /bin/sh;
			shellScript = "\"${SRCROOT}/Pods/Target Support Files/Pods-Glucograph/Pods-Glucograph-frameworks.sh\"\n";
			showEnvVarsInLog = 0;
		};
/* End PBXShellScriptBuildPhase section */

/* Begin PBXSourcesBuildPhase section */
		2C0816731E728332008794CF /* Sources */ = {
			isa = PBXSourcesBuildPhase;
			buildActionMask = 2147483647;
			files = (
				2C0816AF1E728D86008794CF /* UIViewControllerExtensions.swift in Sources */,
				2C0816A21E728D5B008794CF /* LGAlertView.m in Sources */,
				2C0816FF1E72EBE5008794CF /* MigrationManager.m in Sources */,
				2CA335591E747CD9005955D4 /* GraphView.swift in Sources */,
				2CA3355B1E747D7B005955D4 /* UIViewExtensions.swift in Sources */,
				2C35CE741E7412E700CE956B /* StringExtensions.swift in Sources */,
				2CABEE5F1E7522ED00D9E54E /* yAxizView.swift in Sources */,
				2CABEE611E752AC100D9E54E /* NSStringExtensions.swift in Sources */,
				2C0816AE1E728D86008794CF /* UIFontExtensions.swift in Sources */,
				2C35CE711E73E1A300CE956B /* Pressure+CoreDataClass.swift in Sources */,
				2C0816C81E72B973008794CF /* Picker.swift in Sources */,
				2C0816A61E728D5B008794CF /* LGProgressView.m in Sources */,
				2C35CE721E73E1A300CE956B /* Pressure+CoreDataProperties.swift in Sources */,
				2C0816AD1E728D86008794CF /* UIColorExtensions.swift in Sources */,
				2CFF85BF1E73126A00C3EB41 /* Model.swift in Sources */,
				2C0816B71E72AACF008794CF /* NotesController.swift in Sources */,
				2C0817081E72FEED008794CF /* LocalCache.xcdatamodeld in Sources */,
				2C35CE6F1E73E1A300CE956B /* Blood+CoreDataClass.swift in Sources */,
				2CFF85C11E733E7C00C3EB41 /* GlucController.swift in Sources */,
				2CA3355D1E749A47005955D4 /* xAxizView.swift in Sources */,
				2C7481C61E74683A001744F9 /* PeriodControl.swift in Sources */,
				2C35CE701E73E1A300CE956B /* Blood+CoreDataProperties.swift in Sources */,
				2C0816A91E728D5B008794CF /* NSPointerArray+AbstractionHelpers.m in Sources */,
				2C7481C41E74404A001744F9 /* CommentsController.swift in Sources */,
				2C35CE6A1E73D71B00CE956B /* NotesCell.swift in Sources */,
				2C08167B1E728332008794CF /* AppDelegate.swift in Sources */,
			);
			runOnlyForDeploymentPostprocessing = 0;
		};
/* End PBXSourcesBuildPhase section */

/* Begin PBXVariantGroup section */
		2C0816F01E72D772008794CF /* LaunchScreen.storyboard */ = {
			isa = PBXVariantGroup;
			children = (
				2C0816F11E72D772008794CF /* Base */,
			);
			name = LaunchScreen.storyboard;
			sourceTree = "<group>";
		};
		2C0816F21E72D772008794CF /* Main.storyboard */ = {
			isa = PBXVariantGroup;
			children = (
				2C0816F31E72D772008794CF /* Base */,
			);
			name = Main.storyboard;
			sourceTree = "<group>";
		};
		2C0816FA1E72E21E008794CF /* Localizable.strings */ = {
			isa = PBXVariantGroup;
			children = (
				2C0816F91E72E21E008794CF /* Base */,
				2C0816FB1E72E223008794CF /* ru */,
			);
			name = Localizable.strings;
			sourceTree = "<group>";
		};
		2CDCB8A71E7A61D600520B96 /* InfoPlist.strings */ = {
			isa = PBXVariantGroup;
			children = (
				2CDCB8A61E7A61D600520B96 /* Base */,
				2CDCB8A81E7A61DA00520B96 /* ru */,
			);
			name = InfoPlist.strings;
			sourceTree = "<group>";
		};
/* End PBXVariantGroup section */

/* Begin XCBuildConfiguration section */
		2C0816871E728332008794CF /* Debug */ = {
			isa = XCBuildConfiguration;
			buildSettings = {
				ALWAYS_SEARCH_USER_PATHS = NO;
				CLANG_ANALYZER_LOCALIZABILITY_NONLOCALIZED = YES;
				CLANG_ANALYZER_NONNULL = YES;
				CLANG_CXX_LANGUAGE_STANDARD = "gnu++0x";
				CLANG_CXX_LIBRARY = "libc++";
				CLANG_ENABLE_MODULES = YES;
				CLANG_ENABLE_OBJC_ARC = YES;
				CLANG_WARN_BOOL_CONVERSION = YES;
				CLANG_WARN_CONSTANT_CONVERSION = YES;
				CLANG_WARN_DIRECT_OBJC_ISA_USAGE = YES_ERROR;
				CLANG_WARN_DOCUMENTATION_COMMENTS = YES;
				CLANG_WARN_EMPTY_BODY = YES;
				CLANG_WARN_ENUM_CONVERSION = YES;
				CLANG_WARN_INFINITE_RECURSION = YES;
				CLANG_WARN_INT_CONVERSION = YES;
				CLANG_WARN_OBJC_ROOT_CLASS = YES_ERROR;
				CLANG_WARN_SUSPICIOUS_MOVE = YES;
				CLANG_WARN_UNREACHABLE_CODE = YES;
				CLANG_WARN__DUPLICATE_METHOD_MATCH = YES;
				"CODE_SIGN_IDENTITY[sdk=iphoneos*]" = "iPhone Developer";
				COPY_PHASE_STRIP = NO;
				DEBUG_INFORMATION_FORMAT = dwarf;
				ENABLE_STRICT_OBJC_MSGSEND = YES;
				ENABLE_TESTABILITY = YES;
				GCC_C_LANGUAGE_STANDARD = gnu99;
				GCC_DYNAMIC_NO_PIC = NO;
				GCC_NO_COMMON_BLOCKS = YES;
				GCC_OPTIMIZATION_LEVEL = 0;
				GCC_PREPROCESSOR_DEFINITIONS = (
					"DEBUG=1",
					"$(inherited)",
				);
				GCC_WARN_64_TO_32_BIT_CONVERSION = YES;
				GCC_WARN_ABOUT_RETURN_TYPE = YES_ERROR;
				GCC_WARN_UNDECLARED_SELECTOR = YES;
				GCC_WARN_UNINITIALIZED_AUTOS = YES_AGGRESSIVE;
				GCC_WARN_UNUSED_FUNCTION = YES;
				GCC_WARN_UNUSED_VARIABLE = YES;
				IPHONEOS_DEPLOYMENT_TARGET = 10.0;
				MTL_ENABLE_DEBUG_INFO = YES;
				ONLY_ACTIVE_ARCH = YES;
				SDKROOT = iphoneos;
				SWIFT_ACTIVE_COMPILATION_CONDITIONS = DEBUG;
				SWIFT_OPTIMIZATION_LEVEL = "-Onone";
				TARGETED_DEVICE_FAMILY = "1,2";
				VALID_ARCHS = arm64;
			};
			name = Debug;
		};
		2C0816881E728332008794CF /* Release */ = {
			isa = XCBuildConfiguration;
			buildSettings = {
				ALWAYS_SEARCH_USER_PATHS = NO;
				CLANG_ANALYZER_LOCALIZABILITY_NONLOCALIZED = YES;
				CLANG_ANALYZER_NONNULL = YES;
				CLANG_CXX_LANGUAGE_STANDARD = "gnu++0x";
				CLANG_CXX_LIBRARY = "libc++";
				CLANG_ENABLE_MODULES = YES;
				CLANG_ENABLE_OBJC_ARC = YES;
				CLANG_WARN_BOOL_CONVERSION = YES;
				CLANG_WARN_CONSTANT_CONVERSION = YES;
				CLANG_WARN_DIRECT_OBJC_ISA_USAGE = YES_ERROR;
				CLANG_WARN_DOCUMENTATION_COMMENTS = YES;
				CLANG_WARN_EMPTY_BODY = YES;
				CLANG_WARN_ENUM_CONVERSION = YES;
				CLANG_WARN_INFINITE_RECURSION = YES;
				CLANG_WARN_INT_CONVERSION = YES;
				CLANG_WARN_OBJC_ROOT_CLASS = YES_ERROR;
				CLANG_WARN_SUSPICIOUS_MOVE = YES;
				CLANG_WARN_UNREACHABLE_CODE = YES;
				CLANG_WARN__DUPLICATE_METHOD_MATCH = YES;
				"CODE_SIGN_IDENTITY[sdk=iphoneos*]" = "iPhone Developer";
				COPY_PHASE_STRIP = NO;
				DEBUG_INFORMATION_FORMAT = "dwarf-with-dsym";
				ENABLE_NS_ASSERTIONS = NO;
				ENABLE_STRICT_OBJC_MSGSEND = YES;
				GCC_C_LANGUAGE_STANDARD = gnu99;
				GCC_NO_COMMON_BLOCKS = YES;
				GCC_WARN_64_TO_32_BIT_CONVERSION = YES;
				GCC_WARN_ABOUT_RETURN_TYPE = YES_ERROR;
				GCC_WARN_UNDECLARED_SELECTOR = YES;
				GCC_WARN_UNINITIALIZED_AUTOS = YES_AGGRESSIVE;
				GCC_WARN_UNUSED_FUNCTION = YES;
				GCC_WARN_UNUSED_VARIABLE = YES;
				IPHONEOS_DEPLOYMENT_TARGET = 10.0;
				MTL_ENABLE_DEBUG_INFO = NO;
				SDKROOT = iphoneos;
				SWIFT_OPTIMIZATION_LEVEL = "-Owholemodule";
				TARGETED_DEVICE_FAMILY = "1,2";
				VALIDATE_PRODUCT = YES;
				VALID_ARCHS = arm64;
			};
			name = Release;
		};
		2C08168A1E728332008794CF /* Debug */ = {
			isa = XCBuildConfiguration;
			baseConfigurationReference = 51F13E5B13318C8817E7A8BB /* Pods-Glucograph.debug.xcconfig */;
			buildSettings = {
				ASSETCATALOG_COMPILER_APPICON_NAME = AppIcon;
				CLANG_ENABLE_MODULES = YES;
				CODE_SIGN_ENTITLEMENTS = Glucograph/Glucograph.entitlements;
				DEVELOPMENT_TEAM = 7TSVKXZ79P;
				INFOPLIST_FILE = Glucograph/Info.plist;
				LD_RUNPATH_SEARCH_PATHS = "$(inherited) @executable_path/Frameworks";
				PRODUCT_BUNDLE_IDENTIFIER = com.vchannel.Glucograph;
				PRODUCT_NAME = "$(TARGET_NAME)";
				PROVISIONING_PROFILE = "e356e5c3-1a29-47b8-a2c1-38d85b019a8b";
				PROVISIONING_PROFILE_SPECIFIER = "Glucograph Development";
				SWIFT_OBJC_BRIDGING_HEADER = "Glucograph/Glucograph-Bridging-Header.h";
				SWIFT_OPTIMIZATION_LEVEL = "-Onone";
				SWIFT_VERSION = 3.0;
			};
			name = Debug;
		};
		2C08168B1E728332008794CF /* Release */ = {
			isa = XCBuildConfiguration;
			baseConfigurationReference = CED4445E62E05819D8D96B1E /* Pods-Glucograph.release.xcconfig */;
			buildSettings = {
				ASSETCATALOG_COMPILER_APPICON_NAME = AppIcon;
				CLANG_ENABLE_MODULES = YES;
				CODE_SIGN_ENTITLEMENTS = Glucograph/Glucograph.entitlements;
				"CODE_SIGN_IDENTITY[sdk=iphoneos*]" = "iPhone Distribution";
				DEVELOPMENT_TEAM = 7TSVKXZ79P;
				INFOPLIST_FILE = Glucograph/Info.plist;
				LD_RUNPATH_SEARCH_PATHS = "$(inherited) @executable_path/Frameworks";
				PRODUCT_BUNDLE_IDENTIFIER = com.vchannel.Glucograph;
				PRODUCT_NAME = "$(TARGET_NAME)";
				PROVISIONING_PROFILE = "1ca29f84-c074-461d-8f99-e19b12c62936";
				PROVISIONING_PROFILE_SPECIFIER = "Glucograph AppStore";
				SWIFT_OBJC_BRIDGING_HEADER = "Glucograph/Glucograph-Bridging-Header.h";
				SWIFT_VERSION = 3.0;
			};
			name = Release;
		};
/* End XCBuildConfiguration section */

/* Begin XCConfigurationList section */
		2C0816721E728332008794CF /* Build configuration list for PBXProject "Glucograph" */ = {
			isa = XCConfigurationList;
			buildConfigurations = (
				2C0816871E728332008794CF /* Debug */,
				2C0816881E728332008794CF /* Release */,
			);
			defaultConfigurationIsVisible = 0;
			defaultConfigurationName = Release;
		};
		2C0816891E728332008794CF /* Build configuration list for PBXNativeTarget "Glucograph" */ = {
			isa = XCConfigurationList;
			buildConfigurations = (
				2C08168A1E728332008794CF /* Debug */,
				2C08168B1E728332008794CF /* Release */,
			);
			defaultConfigurationIsVisible = 0;
			defaultConfigurationName = Release;
		};
/* End XCConfigurationList section */

/* Begin XCVersionGroup section */
		2C0817061E72FEED008794CF /* LocalCache.xcdatamodeld */ = {
			isa = XCVersionGroup;
			children = (
				2C0817071E72FEED008794CF /* LocalCache.xcdatamodel */,
			);
			currentVersion = 2C0817071E72FEED008794CF /* LocalCache.xcdatamodel */;
			name = LocalCache.xcdatamodeld;
			path = Model/LocalCache.xcdatamodeld;
			sourceTree = "<group>";
			versionGroupType = wrapper.xcdatamodel;
		};
/* End XCVersionGroup section */
	};
	rootObject = 2C08166F1E728332008794CF /* Project object */;
}
